
Microsoft Visual Studio Solution File, Format Version 12.00
# Visual Studio Version 17
VisualStudioVersion = 17.0.31903.59
MinimumVisualStudioVersion = 10.0.40219.1
Project("{9A19103F-16F7-4668-BE54-9A1E7A4F7556}") = "powerfantasy.api", "dndvtt.api\powerfantasy.api.csproj", "{E8B948F7-A79C-4BDA-8C57-9525CC83721E}"
EndProject
Project("{9A19103F-16F7-4668-BE54-9A1E7A4F7556}") = "powerfantasy.api.test", "dndvtt.test\powerfantasy.api.test.csproj", "{2B7E6302-6F27-4F84-ABB9-2E844971BE01}"
EndProject
Global
	GlobalSection(SolutionConfigurationPlatforms) = preSolution
		Debug|Any CPU = Debug|Any CPU
		Release|Any CPU = Release|Any CPU
	EndGlobalSection
	GlobalSection(ProjectConfigurationPlatforms) = postSolution
		{E8B948F7-A79C-4BDA-8C57-9525CC83721E}.Debug|Any CPU.ActiveCfg = Debug|Any CPU
		{E8B948F7-A79C-4BDA-8C57-9525CC83721E}.Debug|Any CPU.Build.0 = Debug|Any CPU
		{E8B948F7-A79C-4BDA-8C57-9525CC83721E}.Release|Any CPU.ActiveCfg = Release|Any CPU
		{E8B948F7-A79C-4BDA-8C57-9525CC83721E}.Release|Any CPU.Build.0 = Release|Any CPU
		{2B7E6302-6F27-4F84-ABB9-2E844971BE01}.Debug|Any CPU.ActiveCfg = Debug|Any CPU
		{2B7E6302-6F27-4F84-ABB9-2E844971BE01}.Debug|Any CPU.Build.0 = Debug|Any CPU
		{2B7E6302-6F27-4F84-ABB9-2E844971BE01}.Release|Any CPU.ActiveCfg = Release|Any CPU
		{2B7E6302-6F27-4F84-ABB9-2E844971BE01}.Release|Any CPU.Build.0 = Release|Any CPU
	EndGlobalSection
	GlobalSection(SolutionProperties) = preSolution
		HideSolutionNode = FALSE
	EndGlobalSection
	GlobalSection(ExtensibilityGlobals) = postSolution
		SolutionGuid = {D13E8732-F6E7-429B-974A-00ED76F3C4BB}
	EndGlobalSection
EndGlobal
